
Microsoft Visual Studio Solution File, Format Version 12.00
# Visual Studio Version 17
VisualStudioVersion = 17.0.31903.59
MinimumVisualStudioVersion = 10.0.40219.1
Project("{FAE04EC0-301F-11D3-BF4B-00C04F79EFBC}") = "SDCCTask", "SDCC\SDCCTask\SDCCTask.csproj", "{DE1F931E-2E63-4171-96F8-2AF286353B9A}"
EndProject
Project("{FAE04EC0-301F-11D3-BF4B-00C04F79EFBC}") = "EmuliciousPassThroughAdapter", "Emulicious\EmuliciousPassThroughAdapter\EmuliciousPassThroughAdapter.csproj", "{81B53FB4-E6DD-4658-9A7D-25A3F1DC6A52}"
EndProject
Project("{FAE04EC0-301F-11D3-BF4B-00C04F79EFBC}") = "EmuliciousShared", "Emulicious\EmuliciousShared\EmuliciousShared.csproj", "{F47F88B7-2CC7-42D5-B2A6-4FB1CF66264E}"
EndProject
Project("{FAE04EC0-301F-11D3-BF4B-00C04F79EFBC}") = "EmuliciousDebuggerPackage-vs2022", "Emulicious\EmuliciousDebuggerPackage\vs2022\EmuliciousDebuggerPackage-vs2022.csproj", "{D48CADA1-7B63-4287-94F2-85C48F4DFD8A}"
EndProject
Project("{FAE04EC0-301F-11D3-BF4B-00C04F79EFBC}") = "SDCCVSPackage-vs2022", "SDCC\SDCCVSPackage\vs2022\SDCCVSPackage-vs2022.csproj", "{FA6317EA-31D9-406C-9B1B-21CEF6F8767A}"
EndProject
Project("{2150E333-8FDC-42A3-9474-1A3956D46DE8}") = "Emulicious", "Emulicious", "{64913C6C-8023-46A3-9C2E-A28FD34B1D5F}"
EndProject
Project("{2150E333-8FDC-42A3-9474-1A3956D46DE8}") = "SDCC", "SDCC", "{B6519A82-16B4-44F9-9BF4-4CCFF9F12DA1}"
EndProject
Project("{2150E333-8FDC-42A3-9474-1A3956D46DE8}") = "GBDK", "GBDK", "{FD9BBAC7-A294-45C0-A1D3-31A2AA97322B}"
EndProject
Global
	GlobalSection(SolutionConfigurationPlatforms) = preSolution
		Debug|Any CPU = Debug|Any CPU
		Debug|arm64 = Debug|arm64
		Debug|x64 = Debug|x64
		Debug|x86 = Debug|x86
		Release|Any CPU = Release|Any CPU
		Release|arm64 = Release|arm64
		Release|x64 = Release|x64
		Release|x86 = Release|x86
	EndGlobalSection
	GlobalSection(ProjectConfigurationPlatforms) = postSolution
		{DE1F931E-2E63-4171-96F8-2AF286353B9A}.Debug|Any CPU.ActiveCfg = Debug|Any CPU
		{DE1F931E-2E63-4171-96F8-2AF286353B9A}.Debug|Any CPU.Build.0 = Debug|Any CPU
		{DE1F931E-2E63-4171-96F8-2AF286353B9A}.Debug|arm64.ActiveCfg = Debug|Any CPU
		{DE1F931E-2E63-4171-96F8-2AF286353B9A}.Debug|arm64.Build.0 = Debug|Any CPU
		{DE1F931E-2E63-4171-96F8-2AF286353B9A}.Debug|x64.ActiveCfg = Debug|Any CPU
		{DE1F931E-2E63-4171-96F8-2AF286353B9A}.Debug|x64.Build.0 = Debug|Any CPU
		{DE1F931E-2E63-4171-96F8-2AF286353B9A}.Debug|x86.ActiveCfg = Debug|Any CPU
		{DE1F931E-2E63-4171-96F8-2AF286353B9A}.Debug|x86.Build.0 = Debug|Any CPU
		{DE1F931E-2E63-4171-96F8-2AF286353B9A}.Release|Any CPU.ActiveCfg = Release|Any CPU
		{DE1F931E-2E63-4171-96F8-2AF286353B9A}.Release|Any CPU.Build.0 = Release|Any CPU
		{DE1F931E-2E63-4171-96F8-2AF286353B9A}.Release|arm64.ActiveCfg = Release|Any CPU
		{DE1F931E-2E63-4171-96F8-2AF286353B9A}.Release|arm64.Build.0 = Release|Any CPU
		{DE1F931E-2E63-4171-96F8-2AF286353B9A}.Release|x64.ActiveCfg = Release|Any CPU
		{DE1F931E-2E63-4171-96F8-2AF286353B9A}.Release|x64.Build.0 = Release|Any CPU
		{DE1F931E-2E63-4171-96F8-2AF286353B9A}.Release|x86.ActiveCfg = Release|Any CPU
		{DE1F931E-2E63-4171-96F8-2AF286353B9A}.Release|x86.Build.0 = Release|Any CPU
		{81B53FB4-E6DD-4658-9A7D-25A3F1DC6A52}.Debug|Any CPU.ActiveCfg = Debug|Any CPU
		{81B53FB4-E6DD-4658-9A7D-25A3F1DC6A52}.Debug|Any CPU.Build.0 = Debug|Any CPU
		{81B53FB4-E6DD-4658-9A7D-25A3F1DC6A52}.Debug|arm64.ActiveCfg = Debug|Any CPU
		{81B53FB4-E6DD-4658-9A7D-25A3F1DC6A52}.Debug|arm64.Build.0 = Debug|Any CPU
		{81B53FB4-E6DD-4658-9A7D-25A3F1DC6A52}.Debug|x64.ActiveCfg = Debug|Any CPU
		{81B53FB4-E6DD-4658-9A7D-25A3F1DC6A52}.Debug|x64.Build.0 = Debug|Any CPU
		{81B53FB4-E6DD-4658-9A7D-25A3F1DC6A52}.Debug|x86.ActiveCfg = Debug|Any CPU
		{81B53FB4-E6DD-4658-9A7D-25A3F1DC6A52}.Debug|x86.Build.0 = Debug|Any CPU
		{81B53FB4-E6DD-4658-9A7D-25A3F1DC6A52}.Release|Any CPU.ActiveCfg = Release|Any CPU
		{81B53FB4-E6DD-4658-9A7D-25A3F1DC6A52}.Release|Any CPU.Build.0 = Release|Any CPU
		{81B53FB4-E6DD-4658-9A7D-25A3F1DC6A52}.Release|arm64.ActiveCfg = Release|Any CPU
		{81B53FB4-E6DD-4658-9A7D-25A3F1DC6A52}.Release|arm64.Build.0 = Release|Any CPU
		{81B53FB4-E6DD-4658-9A7D-25A3F1DC6A52}.Release|x64.ActiveCfg = Release|Any CPU
		{81B53FB4-E6DD-4658-9A7D-25A3F1DC6A52}.Release|x64.Build.0 = Release|Any CPU
		{81B53FB4-E6DD-4658-9A7D-25A3F1DC6A52}.Release|x86.ActiveCfg = Release|Any CPU
		{81B53FB4-E6DD-4658-9A7D-25A3F1DC6A52}.Release|x86.Build.0 = Release|Any CPU
		{F47F88B7-2CC7-42D5-B2A6-4FB1CF66264E}.Debug|Any CPU.ActiveCfg = Debug|Any CPU
		{F47F88B7-2CC7-42D5-B2A6-4FB1CF66264E}.Debug|Any CPU.Build.0 = Debug|Any CPU
		{F47F88B7-2CC7-42D5-B2A6-4FB1CF66264E}.Debug|arm64.ActiveCfg = Debug|Any CPU
		{F47F88B7-2CC7-42D5-B2A6-4FB1CF66264E}.Debug|arm64.Build.0 = Debug|Any CPU
		{F47F88B7-2CC7-42D5-B2A6-4FB1CF66264E}.Debug|x64.ActiveCfg = Debug|Any CPU
		{F47F88B7-2CC7-42D5-B2A6-4FB1CF66264E}.Debug|x64.Build.0 = Debug|Any CPU
		{F47F88B7-2CC7-42D5-B2A6-4FB1CF66264E}.Debug|x86.ActiveCfg = Debug|Any CPU
		{F47F88B7-2CC7-42D5-B2A6-4FB1CF66264E}.Debug|x86.Build.0 = Debug|Any CPU
		{F47F88B7-2CC7-42D5-B2A6-4FB1CF66264E}.Release|Any CPU.ActiveCfg = Release|Any CPU
		{F47F88B7-2CC7-42D5-B2A6-4FB1CF66264E}.Release|Any CPU.Build.0 = Release|Any CPU
		{F47F88B7-2CC7-42D5-B2A6-4FB1CF66264E}.Release|arm64.ActiveCfg = Release|Any CPU
		{F47F88B7-2CC7-42D5-B2A6-4FB1CF66264E}.Release|arm64.Build.0 = Release|Any CPU
		{F47F88B7-2CC7-42D5-B2A6-4FB1CF66264E}.Release|x64.ActiveCfg = Release|Any CPU
		{F47F88B7-2CC7-42D5-B2A6-4FB1CF66264E}.Release|x64.Build.0 = Release|Any CPU
		{F47F88B7-2CC7-42D5-B2A6-4FB1CF66264E}.Release|x86.ActiveCfg = Release|Any CPU
		{F47F88B7-2CC7-42D5-B2A6-4FB1CF66264E}.Release|x86.Build.0 = Release|Any CPU
		{D48CADA1-7B63-4287-94F2-85C48F4DFD8A}.Debug|Any CPU.ActiveCfg = Debug|Any CPU
		{D48CADA1-7B63-4287-94F2-85C48F4DFD8A}.Debug|Any CPU.Build.0 = Debug|Any CPU
		{D48CADA1-7B63-4287-94F2-85C48F4DFD8A}.Debug|arm64.ActiveCfg = Debug|Any CPU
		{D48CADA1-7B63-4287-94F2-85C48F4DFD8A}.Debug|arm64.Build.0 = Debug|Any CPU
		{D48CADA1-7B63-4287-94F2-85C48F4DFD8A}.Debug|x64.ActiveCfg = Debug|Any CPU
		{D48CADA1-7B63-4287-94F2-85C48F4DFD8A}.Debug|x64.Build.0 = Debug|Any CPU
		{D48CADA1-7B63-4287-94F2-85C48F4DFD8A}.Debug|x86.ActiveCfg = Debug|Any CPU
		{D48CADA1-7B63-4287-94F2-85C48F4DFD8A}.Debug|x86.Build.0 = Debug|Any CPU
		{D48CADA1-7B63-4287-94F2-85C48F4DFD8A}.Release|Any CPU.ActiveCfg = Release|Any CPU
		{D48CADA1-7B63-4287-94F2-85C48F4DFD8A}.Release|Any CPU.Build.0 = Release|Any CPU
		{D48CADA1-7B63-4287-94F2-85C48F4DFD8A}.Release|arm64.ActiveCfg = Release|Any CPU
		{D48CADA1-7B63-4287-94F2-85C48F4DFD8A}.Release|arm64.Build.0 = Release|Any CPU
		{D48CADA1-7B63-4287-94F2-85C48F4DFD8A}.Release|x64.ActiveCfg = Release|Any CPU
		{D48CADA1-7B63-4287-94F2-85C48F4DFD8A}.Release|x64.Build.0 = Release|Any CPU
		{D48CADA1-7B63-4287-94F2-85C48F4DFD8A}.Release|x86.ActiveCfg = Release|Any CPU
		{D48CADA1-7B63-4287-94F2-85C48F4DFD8A}.Release|x86.Build.0 = Release|Any CPU
		{FA6317EA-31D9-406C-9B1B-21CEF6F8767A}.Debug|Any CPU.ActiveCfg = Debug|Any CPU
		{FA6317EA-31D9-406C-9B1B-21CEF6F8767A}.Debug|Any CPU.Build.0 = Debug|Any CPU
		{FA6317EA-31D9-406C-9B1B-21CEF6F8767A}.Debug|arm64.ActiveCfg = Debug|Any CPU
		{FA6317EA-31D9-406C-9B1B-21CEF6F8767A}.Debug|arm64.Build.0 = Debug|Any CPU
		{FA6317EA-31D9-406C-9B1B-21CEF6F8767A}.Debug|x64.ActiveCfg = Debug|Any CPU
		{FA6317EA-31D9-406C-9B1B-21CEF6F8767A}.Debug|x64.Build.0 = Debug|Any CPU
		{FA6317EA-31D9-406C-9B1B-21CEF6F8767A}.Debug|x86.ActiveCfg = Debug|Any CPU
		{FA6317EA-31D9-406C-9B1B-21CEF6F8767A}.Debug|x86.Build.0 = Debug|Any CPU
		{FA6317EA-31D9-406C-9B1B-21CEF6F8767A}.Release|Any CPU.ActiveCfg = Release|Any CPU
		{FA6317EA-31D9-406C-9B1B-21CEF6F8767A}.Release|Any CPU.Build.0 = Release|Any CPU
		{FA6317EA-31D9-406C-9B1B-21CEF6F8767A}.Release|arm64.ActiveCfg = Release|Any CPU
		{FA6317EA-31D9-406C-9B1B-21CEF6F8767A}.Release|arm64.Build.0 = Release|Any CPU
		{FA6317EA-31D9-406C-9B1B-21CEF6F8767A}.Release|x64.ActiveCfg = Release|Any CPU
		{FA6317EA-31D9-406C-9B1B-21CEF6F8767A}.Release|x64.Build.0 = Release|Any CPU
		{FA6317EA-31D9-406C-9B1B-21CEF6F8767A}.Release|x86.ActiveCfg = Release|Any CPU
		{FA6317EA-31D9-406C-9B1B-21CEF6F8767A}.Release|x86.Build.0 = Release|Any CPU
	EndGlobalSection
	GlobalSection(SolutionProperties) = preSolution
		HideSolutionNode = FALSE
	EndGlobalSection
	GlobalSection(NestedProjects) = preSolution
		{DE1F931E-2E63-4171-96F8-2AF286353B9A} = {B6519A82-16B4-44F9-9BF4-4CCFF9F12DA1}
		{81B53FB4-E6DD-4658-9A7D-25A3F1DC6A52} = {64913C6C-8023-46A3-9C2E-A28FD34B1D5F}
		{F47F88B7-2CC7-42D5-B2A6-4FB1CF66264E} = {64913C6C-8023-46A3-9C2E-A28FD34B1D5F}
		{D48CADA1-7B63-4287-94F2-85C48F4DFD8A} = {64913C6C-8023-46A3-9C2E-A28FD34B1D5F}
		{FA6317EA-31D9-406C-9B1B-21CEF6F8767A} = {B6519A82-16B4-44F9-9BF4-4CCFF9F12DA1}
	EndGlobalSection
	GlobalSection(ExtensibilityGlobals) = postSolution
		SolutionGuid = {DC38C773-E1CD-43DD-BC28-EAB53B93509C}
	EndGlobalSection
EndGlobal
