
Microsoft Visual Studio Solution File, Format Version 12.00
# Visual Studio 15
VisualStudioVersion = 15.0.28307.1145
MinimumVisualStudioVersion = 10.0.40219.1
Project("{FAE04EC0-301F-11D3-BF4B-00C04F79EFBC}") = "SDCCTask", "SDCCTask\SDCCTask.csproj", "{DE1F931E-2E63-4171-96F8-2AF286353B9A}"
EndProject
Project("{FAE04EC0-301F-11D3-BF4B-00C04F79EFBC}") = "EmuliciousPassThroughAdapter", "EmuliciousPassThroughAdapter\EmuliciousPassThroughAdapter.csproj", "{81B53FB4-E6DD-4658-9A7D-25A3F1DC6A52}"
EndProject
Project("{FAE04EC0-301F-11D3-BF4B-00C04F79EFBC}") = "SDCCVSPackage-vs2017", "SDCCVSPackage\vs2017\SDCCVSPackage-vs2017.csproj", "{DA8A0809-3F23-4F98-97DD-73205229725F}"
EndProject
Project("{FAE04EC0-301F-11D3-BF4B-00C04F79EFBC}") = "SDCCVSPackage-vs2019", "SDCCVSPackage\vs2019\SDCCVSPackage-vs2019.csproj", "{88B6FA6F-5B89-42C9-8E08-F8E3E007E6A3}"
EndProject
Project("{FAE04EC0-301F-11D3-BF4B-00C04F79EFBC}") = "EmuliciousDebuggerPackage-vs2019", "EmuliciousDebuggerPackage\vs2019\EmuliciousDebuggerPackage-vs2019.csproj", "{E3320CEA-3AFB-4304-964B-C57FD988B822}"
EndProject
Project("{FAE04EC0-301F-11D3-BF4B-00C04F79EFBC}") = "EmuliciousDebuggerPackage-vs2017", "EmuliciousDebuggerPackage\vs2017\EmuliciousDebuggerPackage-vs2017.csproj", "{AD381DDC-3696-4BA2-B197-F01875CE79E8}"
EndProject
Global
	GlobalSection(SolutionConfigurationPlatforms) = preSolution
		Debug|Any CPU = Debug|Any CPU
		Debug|x64 = Debug|x64
		Debug|x86 = Debug|x86
		Release|Any CPU = Release|Any CPU
		Release|x64 = Release|x64
		Release|x86 = Release|x86
	EndGlobalSection
	GlobalSection(ProjectConfigurationPlatforms) = postSolution
		{DE1F931E-2E63-4171-96F8-2AF286353B9A}.Debug|Any CPU.ActiveCfg = Debug|Any CPU
		{DE1F931E-2E63-4171-96F8-2AF286353B9A}.Debug|Any CPU.Build.0 = Debug|Any CPU
		{DE1F931E-2E63-4171-96F8-2AF286353B9A}.Debug|x64.ActiveCfg = Debug|Any CPU
		{DE1F931E-2E63-4171-96F8-2AF286353B9A}.Debug|x64.Build.0 = Debug|Any CPU
		{DE1F931E-2E63-4171-96F8-2AF286353B9A}.Debug|x86.ActiveCfg = Debug|Any CPU
		{DE1F931E-2E63-4171-96F8-2AF286353B9A}.Debug|x86.Build.0 = Debug|Any CPU
		{DE1F931E-2E63-4171-96F8-2AF286353B9A}.Release|Any CPU.ActiveCfg = Release|Any CPU
		{DE1F931E-2E63-4171-96F8-2AF286353B9A}.Release|Any CPU.Build.0 = Release|Any CPU
		{DE1F931E-2E63-4171-96F8-2AF286353B9A}.Release|x64.ActiveCfg = Release|Any CPU
		{DE1F931E-2E63-4171-96F8-2AF286353B9A}.Release|x64.Build.0 = Release|Any CPU
		{DE1F931E-2E63-4171-96F8-2AF286353B9A}.Release|x86.ActiveCfg = Release|Any CPU
		{DE1F931E-2E63-4171-96F8-2AF286353B9A}.Release|x86.Build.0 = Release|Any CPU
		{81B53FB4-E6DD-4658-9A7D-25A3F1DC6A52}.Debug|Any CPU.ActiveCfg = Debug|Any CPU
		{81B53FB4-E6DD-4658-9A7D-25A3F1DC6A52}.Debug|Any CPU.Build.0 = Debug|Any CPU
		{81B53FB4-E6DD-4658-9A7D-25A3F1DC6A52}.Debug|x64.ActiveCfg = Debug|Any CPU
		{81B53FB4-E6DD-4658-9A7D-25A3F1DC6A52}.Debug|x64.Build.0 = Debug|Any CPU
		{81B53FB4-E6DD-4658-9A7D-25A3F1DC6A52}.Debug|x86.ActiveCfg = Debug|Any CPU
		{81B53FB4-E6DD-4658-9A7D-25A3F1DC6A52}.Debug|x86.Build.0 = Debug|Any CPU
		{81B53FB4-E6DD-4658-9A7D-25A3F1DC6A52}.Release|Any CPU.ActiveCfg = Release|Any CPU
		{81B53FB4-E6DD-4658-9A7D-25A3F1DC6A52}.Release|Any CPU.Build.0 = Release|Any CPU
		{81B53FB4-E6DD-4658-9A7D-25A3F1DC6A52}.Release|x64.ActiveCfg = Release|Any CPU
		{81B53FB4-E6DD-4658-9A7D-25A3F1DC6A52}.Release|x64.Build.0 = Release|Any CPU
		{81B53FB4-E6DD-4658-9A7D-25A3F1DC6A52}.Release|x86.ActiveCfg = Release|Any CPU
		{81B53FB4-E6DD-4658-9A7D-25A3F1DC6A52}.Release|x86.Build.0 = Release|Any CPU
		{DA8A0809-3F23-4F98-97DD-73205229725F}.Debug|Any CPU.ActiveCfg = Debug|Any CPU
		{DA8A0809-3F23-4F98-97DD-73205229725F}.Debug|Any CPU.Build.0 = Debug|Any CPU
		{DA8A0809-3F23-4F98-97DD-73205229725F}.Debug|x64.ActiveCfg = Debug|Any CPU
		{DA8A0809-3F23-4F98-97DD-73205229725F}.Debug|x64.Build.0 = Debug|Any CPU
		{DA8A0809-3F23-4F98-97DD-73205229725F}.Debug|x86.ActiveCfg = Debug|Any CPU
		{DA8A0809-3F23-4F98-97DD-73205229725F}.Debug|x86.Build.0 = Debug|Any CPU
		{DA8A0809-3F23-4F98-97DD-73205229725F}.Release|Any CPU.ActiveCfg = Release|Any CPU
		{DA8A0809-3F23-4F98-97DD-73205229725F}.Release|Any CPU.Build.0 = Release|Any CPU
		{DA8A0809-3F23-4F98-97DD-73205229725F}.Release|x64.ActiveCfg = Release|Any CPU
		{DA8A0809-3F23-4F98-97DD-73205229725F}.Release|x64.Build.0 = Release|Any CPU
		{DA8A0809-3F23-4F98-97DD-73205229725F}.Release|x86.ActiveCfg = Release|Any CPU
		{DA8A0809-3F23-4F98-97DD-73205229725F}.Release|x86.Build.0 = Release|Any CPU
		{88B6FA6F-5B89-42C9-8E08-F8E3E007E6A3}.Debug|Any CPU.ActiveCfg = Debug|Any CPU
		{88B6FA6F-5B89-42C9-8E08-F8E3E007E6A3}.Debug|Any CPU.Build.0 = Debug|Any CPU
		{88B6FA6F-5B89-42C9-8E08-F8E3E007E6A3}.Debug|x64.ActiveCfg = Debug|Any CPU
		{88B6FA6F-5B89-42C9-8E08-F8E3E007E6A3}.Debug|x64.Build.0 = Debug|Any CPU
		{88B6FA6F-5B89-42C9-8E08-F8E3E007E6A3}.Debug|x86.ActiveCfg = Debug|Any CPU
		{88B6FA6F-5B89-42C9-8E08-F8E3E007E6A3}.Debug|x86.Build.0 = Debug|Any CPU
		{88B6FA6F-5B89-42C9-8E08-F8E3E007E6A3}.Release|Any CPU.ActiveCfg = Release|Any CPU
		{88B6FA6F-5B89-42C9-8E08-F8E3E007E6A3}.Release|Any CPU.Build.0 = Release|Any CPU
		{88B6FA6F-5B89-42C9-8E08-F8E3E007E6A3}.Release|x64.ActiveCfg = Release|Any CPU
		{88B6FA6F-5B89-42C9-8E08-F8E3E007E6A3}.Release|x64.Build.0 = Release|Any CPU
		{88B6FA6F-5B89-42C9-8E08-F8E3E007E6A3}.Release|x86.ActiveCfg = Release|Any CPU
		{88B6FA6F-5B89-42C9-8E08-F8E3E007E6A3}.Release|x86.Build.0 = Release|Any CPU
		{E3320CEA-3AFB-4304-964B-C57FD988B822}.Debug|Any CPU.ActiveCfg = Debug|Any CPU
		{E3320CEA-3AFB-4304-964B-C57FD988B822}.Debug|Any CPU.Build.0 = Debug|Any CPU
		{E3320CEA-3AFB-4304-964B-C57FD988B822}.Debug|x64.ActiveCfg = Debug|Any CPU
		{E3320CEA-3AFB-4304-964B-C57FD988B822}.Debug|x64.Build.0 = Debug|Any CPU
		{E3320CEA-3AFB-4304-964B-C57FD988B822}.Debug|x86.ActiveCfg = Debug|Any CPU
		{E3320CEA-3AFB-4304-964B-C57FD988B822}.Debug|x86.Build.0 = Debug|Any CPU
		{E3320CEA-3AFB-4304-964B-C57FD988B822}.Release|Any CPU.ActiveCfg = Release|Any CPU
		{E3320CEA-3AFB-4304-964B-C57FD988B822}.Release|Any CPU.Build.0 = Release|Any CPU
		{E3320CEA-3AFB-4304-964B-C57FD988B822}.Release|x64.ActiveCfg = Release|Any CPU
		{E3320CEA-3AFB-4304-964B-C57FD988B822}.Release|x64.Build.0 = Release|Any CPU
		{E3320CEA-3AFB-4304-964B-C57FD988B822}.Release|x86.ActiveCfg = Release|Any CPU
		{E3320CEA-3AFB-4304-964B-C57FD988B822}.Release|x86.Build.0 = Release|Any CPU
		{AD381DDC-3696-4BA2-B197-F01875CE79E8}.Debug|Any CPU.ActiveCfg = Debug|Any CPU
		{AD381DDC-3696-4BA2-B197-F01875CE79E8}.Debug|Any CPU.Build.0 = Debug|Any CPU
		{AD381DDC-3696-4BA2-B197-F01875CE79E8}.Debug|x64.ActiveCfg = Debug|Any CPU
		{AD381DDC-3696-4BA2-B197-F01875CE79E8}.Debug|x64.Build.0 = Debug|Any CPU
		{AD381DDC-3696-4BA2-B197-F01875CE79E8}.Debug|x86.ActiveCfg = Debug|Any CPU
		{AD381DDC-3696-4BA2-B197-F01875CE79E8}.Debug|x86.Build.0 = Debug|Any CPU
		{AD381DDC-3696-4BA2-B197-F01875CE79E8}.Release|Any CPU.ActiveCfg = Release|Any CPU
		{AD381DDC-3696-4BA2-B197-F01875CE79E8}.Release|Any CPU.Build.0 = Release|Any CPU
		{AD381DDC-3696-4BA2-B197-F01875CE79E8}.Release|x64.ActiveCfg = Release|Any CPU
		{AD381DDC-3696-4BA2-B197-F01875CE79E8}.Release|x64.Build.0 = Release|Any CPU
		{AD381DDC-3696-4BA2-B197-F01875CE79E8}.Release|x86.ActiveCfg = Release|Any CPU
		{AD381DDC-3696-4BA2-B197-F01875CE79E8}.Release|x86.Build.0 = Release|Any CPU
	EndGlobalSection
	GlobalSection(SolutionProperties) = preSolution
		HideSolutionNode = FALSE
	EndGlobalSection
	GlobalSection(ExtensibilityGlobals) = postSolution
		SolutionGuid = {DC38C773-E1CD-43DD-BC28-EAB53B93509C}
	EndGlobalSection
EndGlobal
